
Microsoft Visual Studio Solution File, Format Version 12.00
# Visual Studio Version 17
VisualStudioVersion = 17.0.31912.275
MinimumVisualStudioVersion = 10.0.40219.1
Project("{9A19103F-16F7-4668-BE54-9A1E7A4F7556}") = "ImageSharp.InteractiveExtension", "src\ImageSharp.InteractiveExtension\ImageSharp.InteractiveExtension.csproj", "{75840198-4A05-4810-89DF-016B3F090984}"
EndProject
Project("{9A19103F-16F7-4668-BE54-9A1E7A4F7556}") = "OpenCvSharp4.InteractiveExtension", "src\OpenCvSharp4.InteractiveExtension\OpenCvSharp4.InteractiveExtension.csproj", "{6295FC87-8604-4478-A7A9-CA582C0DFAA9}"
EndProject
Project("{9A19103F-16F7-4668-BE54-9A1E7A4F7556}") = "DotLanguage.InteractiveExtension", "src\DotLanguage.InteractiveExtension\DotLanguage.InteractiveExtension.csproj", "{FE8A1386-B785-4A72-944A-09B6BEBD6021}"
EndProject
Project("{2150E333-8FDC-42A3-9474-1A3956D46DE8}") = "tests", "tests", "{20C4282E-81DE-47F2-838A-C820F746C04A}"
EndProject
Project("{9A19103F-16F7-4668-BE54-9A1E7A4F7556}") = "SandDance.InteractiveExtension", "src\SandDance.InteractiveExtension\SandDance.InteractiveExtension.csproj", "{866A4477-EE43-453E-8418-A143DF9818AE}"
EndProject
Project("{9A19103F-16F7-4668-BE54-9A1E7A4F7556}") = "TestUtilities", "src\TestUtilities\TestUtilities.csproj", "{E8D06DD3-47C6-4D5F-AFB8-CF9AD2804D25}"
EndProject
Project("{9A19103F-16F7-4668-BE54-9A1E7A4F7556}") = "nteract.InteractiveExtension", "src\nteract.InteractiveExtension\nteract.InteractiveExtension.csproj", "{68C2EC35-D961-49C4-9D49-9D71D9A2FAF5}"
EndProject
Project("{9A19103F-16F7-4668-BE54-9A1E7A4F7556}") = "nteract.InteractiveExtension.Tests", "src\nteract.InteractiveExtension.Tests\nteract.InteractiveExtension.Tests.csproj", "{A1092584-B367-4033-9ADE-3B35C840892D}"
EndProject
Project("{9A19103F-16F7-4668-BE54-9A1E7A4F7556}") = "SandDance.InteractiveExtension.Tests", "src\SandDance.InteractiveExtension.Tests\SandDance.InteractiveExtension.Tests.csproj", "{DD5A66A4-14AC-450E-8CAE-7C4AE731E89E}"
EndProject
Project("{9A19103F-16F7-4668-BE54-9A1E7A4F7556}") = "DataView.InteractiveExtension", "src\DataView.InteractiveExtension\DataView.InteractiveExtension.csproj", "{A3D66CA8-6591-4AE4-908D-6EF22E70283D}"
EndProject
Project("{9A19103F-16F7-4668-BE54-9A1E7A4F7556}") = "lobe.InteractiveExtension", "src\lobe.InteractiveExtension\lobe.InteractiveExtension.csproj", "{B8EFD805-7997-4243-9D8C-505ABD67EE31}"
EndProject
Project("{9A19103F-16F7-4668-BE54-9A1E7A4F7556}") = "Data.Analysis.InteractiveExtension", "src\Data.Analysis.InteractiveExtension\Data.Analysis.InteractiveExtension.csproj", "{4CEF8D0B-D884-4DEA-A7FF-DE86F2F9F939}"
EndProject
Project("{FAE04EC0-301F-11D3-BF4B-00C04F79EFBC}") = "DuckDB.InteractiveExtension", "src\DuckDB.InteractiveExtension\DuckDB.InteractiveExtension.csproj", "{D6175D0B-0081-4B6A-AFBD-A1D1F69487C7}"
EndProject
Project("{FAE04EC0-301F-11D3-BF4B-00C04F79EFBC}") = "DuckDB.InteractiveExtension.Tests", "src\DuckDB.InteractiveExtension.Tests\DuckDB.InteractiveExtension.Tests.csproj", "{871EB7AE-24D9-41A4-A2FF-3895B9FC17F1}"
EndProject
Global
	GlobalSection(SolutionConfigurationPlatforms) = preSolution
		Debug|Any CPU = Debug|Any CPU
		Release|Any CPU = Release|Any CPU
	EndGlobalSection
	GlobalSection(ProjectConfigurationPlatforms) = postSolution
		{75840198-4A05-4810-89DF-016B3F090984}.Debug|Any CPU.ActiveCfg = Debug|Any CPU
		{75840198-4A05-4810-89DF-016B3F090984}.Debug|Any CPU.Build.0 = Debug|Any CPU
		{75840198-4A05-4810-89DF-016B3F090984}.Release|Any CPU.ActiveCfg = Release|Any CPU
		{75840198-4A05-4810-89DF-016B3F090984}.Release|Any CPU.Build.0 = Release|Any CPU
		{6295FC87-8604-4478-A7A9-CA582C0DFAA9}.Debug|Any CPU.ActiveCfg = Debug|Any CPU
		{6295FC87-8604-4478-A7A9-CA582C0DFAA9}.Debug|Any CPU.Build.0 = Debug|Any CPU
		{6295FC87-8604-4478-A7A9-CA582C0DFAA9}.Release|Any CPU.ActiveCfg = Release|Any CPU
		{6295FC87-8604-4478-A7A9-CA582C0DFAA9}.Release|Any CPU.Build.0 = Release|Any CPU
		{FE8A1386-B785-4A72-944A-09B6BEBD6021}.Debug|Any CPU.ActiveCfg = Debug|Any CPU
		{FE8A1386-B785-4A72-944A-09B6BEBD6021}.Debug|Any CPU.Build.0 = Debug|Any CPU
		{FE8A1386-B785-4A72-944A-09B6BEBD6021}.Release|Any CPU.ActiveCfg = Release|Any CPU
		{FE8A1386-B785-4A72-944A-09B6BEBD6021}.Release|Any CPU.Build.0 = Release|Any CPU
		{866A4477-EE43-453E-8418-A143DF9818AE}.Debug|Any CPU.ActiveCfg = Debug|Any CPU
		{866A4477-EE43-453E-8418-A143DF9818AE}.Debug|Any CPU.Build.0 = Debug|Any CPU
		{866A4477-EE43-453E-8418-A143DF9818AE}.Release|Any CPU.ActiveCfg = Release|Any CPU
		{866A4477-EE43-453E-8418-A143DF9818AE}.Release|Any CPU.Build.0 = Release|Any CPU
		{E8D06DD3-47C6-4D5F-AFB8-CF9AD2804D25}.Debug|Any CPU.ActiveCfg = Debug|Any CPU
		{E8D06DD3-47C6-4D5F-AFB8-CF9AD2804D25}.Debug|Any CPU.Build.0 = Debug|Any CPU
		{E8D06DD3-47C6-4D5F-AFB8-CF9AD2804D25}.Release|Any CPU.ActiveCfg = Release|Any CPU
		{E8D06DD3-47C6-4D5F-AFB8-CF9AD2804D25}.Release|Any CPU.Build.0 = Release|Any CPU
		{68C2EC35-D961-49C4-9D49-9D71D9A2FAF5}.Debug|Any CPU.ActiveCfg = Debug|Any CPU
		{68C2EC35-D961-49C4-9D49-9D71D9A2FAF5}.Debug|Any CPU.Build.0 = Debug|Any CPU
		{68C2EC35-D961-49C4-9D49-9D71D9A2FAF5}.Release|Any CPU.ActiveCfg = Release|Any CPU
		{68C2EC35-D961-49C4-9D49-9D71D9A2FAF5}.Release|Any CPU.Build.0 = Release|Any CPU
		{A1092584-B367-4033-9ADE-3B35C840892D}.Debug|Any CPU.ActiveCfg = Debug|Any CPU
		{A1092584-B367-4033-9ADE-3B35C840892D}.Debug|Any CPU.Build.0 = Debug|Any CPU
		{A1092584-B367-4033-9ADE-3B35C840892D}.Release|Any CPU.ActiveCfg = Release|Any CPU
		{A1092584-B367-4033-9ADE-3B35C840892D}.Release|Any CPU.Build.0 = Release|Any CPU
		{DD5A66A4-14AC-450E-8CAE-7C4AE731E89E}.Debug|Any CPU.ActiveCfg = Debug|Any CPU
		{DD5A66A4-14AC-450E-8CAE-7C4AE731E89E}.Debug|Any CPU.Build.0 = Debug|Any CPU
		{DD5A66A4-14AC-450E-8CAE-7C4AE731E89E}.Release|Any CPU.ActiveCfg = Release|Any CPU
		{DD5A66A4-14AC-450E-8CAE-7C4AE731E89E}.Release|Any CPU.Build.0 = Release|Any CPU
		{A3D66CA8-6591-4AE4-908D-6EF22E70283D}.Debug|Any CPU.ActiveCfg = Debug|Any CPU
		{A3D66CA8-6591-4AE4-908D-6EF22E70283D}.Debug|Any CPU.Build.0 = Debug|Any CPU
		{A3D66CA8-6591-4AE4-908D-6EF22E70283D}.Release|Any CPU.ActiveCfg = Release|Any CPU
		{A3D66CA8-6591-4AE4-908D-6EF22E70283D}.Release|Any CPU.Build.0 = Release|Any CPU
		{B8EFD805-7997-4243-9D8C-505ABD67EE31}.Debug|Any CPU.ActiveCfg = Debug|Any CPU
		{B8EFD805-7997-4243-9D8C-505ABD67EE31}.Debug|Any CPU.Build.0 = Debug|Any CPU
		{B8EFD805-7997-4243-9D8C-505ABD67EE31}.Release|Any CPU.ActiveCfg = Release|Any CPU
		{B8EFD805-7997-4243-9D8C-505ABD67EE31}.Release|Any CPU.Build.0 = Release|Any CPU
		{4CEF8D0B-D884-4DEA-A7FF-DE86F2F9F939}.Debug|Any CPU.ActiveCfg = Debug|Any CPU
		{4CEF8D0B-D884-4DEA-A7FF-DE86F2F9F939}.Debug|Any CPU.Build.0 = Debug|Any CPU
		{4CEF8D0B-D884-4DEA-A7FF-DE86F2F9F939}.Release|Any CPU.ActiveCfg = Release|Any CPU
		{4CEF8D0B-D884-4DEA-A7FF-DE86F2F9F939}.Release|Any CPU.Build.0 = Release|Any CPU
		{D6175D0B-0081-4B6A-AFBD-A1D1F69487C7}.Debug|Any CPU.ActiveCfg = Debug|Any CPU
		{D6175D0B-0081-4B6A-AFBD-A1D1F69487C7}.Debug|Any CPU.Build.0 = Debug|Any CPU
		{D6175D0B-0081-4B6A-AFBD-A1D1F69487C7}.Release|Any CPU.ActiveCfg = Release|Any CPU
		{D6175D0B-0081-4B6A-AFBD-A1D1F69487C7}.Release|Any CPU.Build.0 = Release|Any CPU
		{871EB7AE-24D9-41A4-A2FF-3895B9FC17F1}.Debug|Any CPU.ActiveCfg = Debug|Any CPU
		{871EB7AE-24D9-41A4-A2FF-3895B9FC17F1}.Debug|Any CPU.Build.0 = Debug|Any CPU
		{871EB7AE-24D9-41A4-A2FF-3895B9FC17F1}.Release|Any CPU.ActiveCfg = Release|Any CPU
		{871EB7AE-24D9-41A4-A2FF-3895B9FC17F1}.Release|Any CPU.Build.0 = Release|Any CPU
	EndGlobalSection
	GlobalSection(SolutionProperties) = preSolution
		HideSolutionNode = FALSE
	EndGlobalSection
	GlobalSection(NestedProjects) = preSolution
		{E8D06DD3-47C6-4D5F-AFB8-CF9AD2804D25} = {20C4282E-81DE-47F2-838A-C820F746C04A}
		{A1092584-B367-4033-9ADE-3B35C840892D} = {20C4282E-81DE-47F2-838A-C820F746C04A}
		{DD5A66A4-14AC-450E-8CAE-7C4AE731E89E} = {20C4282E-81DE-47F2-838A-C820F746C04A}
		{871EB7AE-24D9-41A4-A2FF-3895B9FC17F1} = {20C4282E-81DE-47F2-838A-C820F746C04A}
	EndGlobalSection
	GlobalSection(ExtensibilityGlobals) = postSolution
		SolutionGuid = {7726ACD0-497E-4FB1-83D4-92EE7A3D7A9E}
	EndGlobalSection
EndGlobal
