
Microsoft Visual Studio Solution File, Format Version 12.00
# Visual Studio Version 17
VisualStudioVersion = 17.0.31912.275
MinimumVisualStudioVersion = 10.0.40219.1
Project("{9A19103F-16F7-4668-BE54-9A1E7A4F7556}") = "Dotnet.Interactive.Extension.ImageSharp", "src\Dotnet.Interactive.Extension.ImageSharp\Dotnet.Interactive.Extension.ImageSharp.csproj", "{75840198-4A05-4810-89DF-016B3F090984}"
EndProject
Project("{9A19103F-16F7-4668-BE54-9A1E7A4F7556}") = "Dotnet.Interactive.Extension.OpenCvSharp4", "src\Dotnet.Interactive.Extension.OpenCvSharp4\Dotnet.Interactive.Extension.OpenCvSharp4.csproj", "{6295FC87-8604-4478-A7A9-CA582C0DFAA9}"
EndProject
Project("{9A19103F-16F7-4668-BE54-9A1E7A4F7556}") = "Dotnet.Interactive.Extension.System.Drawing", "src\Dotnet.Interactive.Extension.System.Drawing\Dotnet.Interactive.Extension.System.Drawing.csproj", "{518B1079-C4F7-4904-8AAD-CF4E9C570341}"
EndProject
Project("{9A19103F-16F7-4668-BE54-9A1E7A4F7556}") = "Dotnet.Interactive.Extension.DotLanguage", "src\Dotnet.Interactive.Extension.DotLanguage\Dotnet.Interactive.Extension.DotLanguage.csproj", "{FE8A1386-B785-4A72-944A-09B6BEBD6021}"
EndProject
Project("{9A19103F-16F7-4668-BE54-9A1E7A4F7556}") = "Dotnet.Interactive.Extension.Mermaid", "src\Dotnet.Interactive.Extension.Mermaid\Dotnet.Interactive.Extension.Mermaid.csproj", "{22BD460D-104F-4CDD-9807-68A13CDDBBC2}"
EndProject
Project("{2150E333-8FDC-42A3-9474-1A3956D46DE8}") = "tests", "tests", "{20C4282E-81DE-47F2-838A-C820F746C04A}"
EndProject
Project("{FAE04EC0-301F-11D3-BF4B-00C04F79EFBC}") = "Dotnet.Interactive.Extension.Mermaid.Tests", "src\Dotnet.Interactive.Extension.Mermaid.Tests\Dotnet.Interactive.Extension.Mermaid.Tests.csproj", "{40B49BAB-ADEC-43F5-98BF-B644AD8E4AA3}"
EndProject
Project("{FAE04EC0-301F-11D3-BF4B-00C04F79EFBC}") = "Dotnet.Interactive.Extension.SandDance", "src\Dotnet.Interactive.Extension.SandDance\Dotnet.Interactive.Extension.SandDance.csproj", "{866A4477-EE43-453E-8418-A143DF9818AE}"
EndProject
Project("{FAE04EC0-301F-11D3-BF4B-00C04F79EFBC}") = "Dotnet.Interactive.Extension.SandDance.Tests", "src\Dotnet.Interactive.Extension.SandDance.Tests\Dotnet.Interactive.Extension.SandDance.Tests.csproj", "{818F36B4-764B-45C4-8188-908D48C08701}"
EndProject
Project("{FAE04EC0-301F-11D3-BF4B-00C04F79EFBC}") = "Dotnet.Interactive.Extension.TestUtilities", "src\Dotnet.Interactive.Extension.TestUtilities\Dotnet.Interactive.Extension.TestUtilities.csproj", "{E8D06DD3-47C6-4D5F-AFB8-CF9AD2804D25}"
EndProject
Global
	GlobalSection(SolutionConfigurationPlatforms) = preSolution
		Debug|Any CPU = Debug|Any CPU
		Release|Any CPU = Release|Any CPU
	EndGlobalSection
	GlobalSection(ProjectConfigurationPlatforms) = postSolution
		{75840198-4A05-4810-89DF-016B3F090984}.Debug|Any CPU.ActiveCfg = Debug|Any CPU
		{75840198-4A05-4810-89DF-016B3F090984}.Debug|Any CPU.Build.0 = Debug|Any CPU
		{75840198-4A05-4810-89DF-016B3F090984}.Release|Any CPU.ActiveCfg = Release|Any CPU
		{75840198-4A05-4810-89DF-016B3F090984}.Release|Any CPU.Build.0 = Release|Any CPU
		{6295FC87-8604-4478-A7A9-CA582C0DFAA9}.Debug|Any CPU.ActiveCfg = Debug|Any CPU
		{6295FC87-8604-4478-A7A9-CA582C0DFAA9}.Debug|Any CPU.Build.0 = Debug|Any CPU
		{6295FC87-8604-4478-A7A9-CA582C0DFAA9}.Release|Any CPU.ActiveCfg = Release|Any CPU
		{6295FC87-8604-4478-A7A9-CA582C0DFAA9}.Release|Any CPU.Build.0 = Release|Any CPU
		{518B1079-C4F7-4904-8AAD-CF4E9C570341}.Debug|Any CPU.ActiveCfg = Debug|Any CPU
		{518B1079-C4F7-4904-8AAD-CF4E9C570341}.Debug|Any CPU.Build.0 = Debug|Any CPU
		{518B1079-C4F7-4904-8AAD-CF4E9C570341}.Release|Any CPU.ActiveCfg = Release|Any CPU
		{518B1079-C4F7-4904-8AAD-CF4E9C570341}.Release|Any CPU.Build.0 = Release|Any CPU
		{FE8A1386-B785-4A72-944A-09B6BEBD6021}.Debug|Any CPU.ActiveCfg = Debug|Any CPU
		{FE8A1386-B785-4A72-944A-09B6BEBD6021}.Debug|Any CPU.Build.0 = Debug|Any CPU
		{FE8A1386-B785-4A72-944A-09B6BEBD6021}.Release|Any CPU.ActiveCfg = Release|Any CPU
		{FE8A1386-B785-4A72-944A-09B6BEBD6021}.Release|Any CPU.Build.0 = Release|Any CPU
		{22BD460D-104F-4CDD-9807-68A13CDDBBC2}.Debug|Any CPU.ActiveCfg = Debug|Any CPU
		{22BD460D-104F-4CDD-9807-68A13CDDBBC2}.Debug|Any CPU.Build.0 = Debug|Any CPU
		{22BD460D-104F-4CDD-9807-68A13CDDBBC2}.Release|Any CPU.ActiveCfg = Release|Any CPU
		{22BD460D-104F-4CDD-9807-68A13CDDBBC2}.Release|Any CPU.Build.0 = Release|Any CPU
		{40B49BAB-ADEC-43F5-98BF-B644AD8E4AA3}.Debug|Any CPU.ActiveCfg = Debug|Any CPU
		{40B49BAB-ADEC-43F5-98BF-B644AD8E4AA3}.Debug|Any CPU.Build.0 = Debug|Any CPU
		{40B49BAB-ADEC-43F5-98BF-B644AD8E4AA3}.Release|Any CPU.ActiveCfg = Release|Any CPU
		{40B49BAB-ADEC-43F5-98BF-B644AD8E4AA3}.Release|Any CPU.Build.0 = Release|Any CPU
		{866A4477-EE43-453E-8418-A143DF9818AE}.Debug|Any CPU.ActiveCfg = Debug|Any CPU
		{866A4477-EE43-453E-8418-A143DF9818AE}.Debug|Any CPU.Build.0 = Debug|Any CPU
		{866A4477-EE43-453E-8418-A143DF9818AE}.Release|Any CPU.ActiveCfg = Release|Any CPU
		{866A4477-EE43-453E-8418-A143DF9818AE}.Release|Any CPU.Build.0 = Release|Any CPU
		{818F36B4-764B-45C4-8188-908D48C08701}.Debug|Any CPU.ActiveCfg = Debug|Any CPU
		{818F36B4-764B-45C4-8188-908D48C08701}.Debug|Any CPU.Build.0 = Debug|Any CPU
		{818F36B4-764B-45C4-8188-908D48C08701}.Release|Any CPU.ActiveCfg = Release|Any CPU
		{818F36B4-764B-45C4-8188-908D48C08701}.Release|Any CPU.Build.0 = Release|Any CPU
		{E8D06DD3-47C6-4D5F-AFB8-CF9AD2804D25}.Debug|Any CPU.ActiveCfg = Debug|Any CPU
		{E8D06DD3-47C6-4D5F-AFB8-CF9AD2804D25}.Debug|Any CPU.Build.0 = Debug|Any CPU
		{E8D06DD3-47C6-4D5F-AFB8-CF9AD2804D25}.Release|Any CPU.ActiveCfg = Release|Any CPU
		{E8D06DD3-47C6-4D5F-AFB8-CF9AD2804D25}.Release|Any CPU.Build.0 = Release|Any CPU
	EndGlobalSection
	GlobalSection(SolutionProperties) = preSolution
		HideSolutionNode = FALSE
	EndGlobalSection
	GlobalSection(NestedProjects) = preSolution
		{40B49BAB-ADEC-43F5-98BF-B644AD8E4AA3} = {20C4282E-81DE-47F2-838A-C820F746C04A}
		{818F36B4-764B-45C4-8188-908D48C08701} = {20C4282E-81DE-47F2-838A-C820F746C04A}
		{E8D06DD3-47C6-4D5F-AFB8-CF9AD2804D25} = {20C4282E-81DE-47F2-838A-C820F746C04A}
	EndGlobalSection
	GlobalSection(ExtensibilityGlobals) = postSolution
		SolutionGuid = {7726ACD0-497E-4FB1-83D4-92EE7A3D7A9E}
	EndGlobalSection
EndGlobal
